// !$*UTF8*$!
{
	archiveVersion = 1;
	classes = {
	};
	objectVersion = 46;
	objects = {

/* Begin PBXBuildFile section */
		B62197111E3680460001E914 /* ConversionViewController.swift in Sources */ = {isa = PBXBuildFile; fileRef = B62197101E3680460001E914 /* ConversionViewController.swift */; };
		B62B68E51E28112100011B27 /* AppDelegate.swift in Sources */ = {isa = PBXBuildFile; fileRef = B62B68E41E28112100011B27 /* AppDelegate.swift */; };
		B62B68EA1E28112100011B27 /* Main.storyboard in Resources */ = {isa = PBXBuildFile; fileRef = B62B68E81E28112100011B27 /* Main.storyboard */; };
		B62B68EC1E28112100011B27 /* Assets.xcassets in Resources */ = {isa = PBXBuildFile; fileRef = B62B68EB1E28112100011B27 /* Assets.xcassets */; };
		B62B68EF1E28112100011B27 /* LaunchScreen.storyboard in Resources */ = {isa = PBXBuildFile; fileRef = B62B68ED1E28112100011B27 /* LaunchScreen.storyboard */; };
		B62B68FA1E28112100011B27 /* WorldTrotterTests.swift in Sources */ = {isa = PBXBuildFile; fileRef = B62B68F91E28112100011B27 /* WorldTrotterTests.swift */; };
		B62B69051E28112100011B27 /* WorldTrotterUITests.swift in Sources */ = {isa = PBXBuildFile; fileRef = B62B69041E28112100011B27 /* WorldTrotterUITests.swift */; };
/* End PBXBuildFile section */

/* Begin PBXContainerItemProxy section */
		B62B68F61E28112100011B27 /* PBXContainerItemProxy */ = {
			isa = PBXContainerItemProxy;
			containerPortal = B62B68D91E28112100011B27 /* Project object */;
			proxyType = 1;
			remoteGlobalIDString = B62B68E01E28112100011B27;
			remoteInfo = WorldTrotter;
		};
		B62B69011E28112100011B27 /* PBXContainerItemProxy */ = {
			isa = PBXContainerItemProxy;
			containerPortal = B62B68D91E28112100011B27 /* Project object */;
			proxyType = 1;
			remoteGlobalIDString = B62B68E01E28112100011B27;
			remoteInfo = WorldTrotter;
		};
/* End PBXContainerItemProxy section */

/* Begin PBXFileReference section */
		B62197101E3680460001E914 /* ConversionViewController.swift */ = {isa = PBXFileReference; fileEncoding = 4; lastKnownFileType = sourcecode.swift; path = ConversionViewController.swift; sourceTree = "<group>"; };
		B62B68E11E28112100011B27 /* WorldTrotter.app */ = {isa = PBXFileReference; explicitFileType = wrapper.application; includeInIndex = 0; path = WorldTrotter.app; sourceTree = BUILT_PRODUCTS_DIR; };
		B62B68E41E28112100011B27 /* AppDelegate.swift */ = {isa = PBXFileReference; lastKnownFileType = sourcecode.swift; path = AppDelegate.swift; sourceTree = "<group>"; };
		B62B68E91E28112100011B27 /* Base */ = {isa = PBXFileReference; lastKnownFileType = file.storyboard; name = Base; path = Base.lproj/Main.storyboard; sourceTree = "<group>"; };
		B62B68EB1E28112100011B27 /* Assets.xcassets */ = {isa = PBXFileReference; lastKnownFileType = folder.assetcatalog; path = Assets.xcassets; sourceTree = "<group>"; };
		B62B68EE1E28112100011B27 /* Base */ = {isa = PBXFileReference; lastKnownFileType = file.storyboard; name = Base; path = Base.lproj/LaunchScreen.storyboard; sourceTree = "<group>"; };
		B62B68F01E28112100011B27 /* Info.plist */ = {isa = PBXFileReference; lastKnownFileType = text.plist.xml; path = Info.plist; sourceTree = "<group>"; };
		B62B68F51E28112100011B27 /* WorldTrotterTests.xctest */ = {isa = PBXFileReference; explicitFileType = wrapper.cfbundle; includeInIndex = 0; path = WorldTrotterTests.xctest; sourceTree = BUILT_PRODUCTS_DIR; };
		B62B68F91E28112100011B27 /* WorldTrotterTests.swift */ = {isa = PBXFileReference; lastKnownFileType = sourcecode.swift; path = WorldTrotterTests.swift; sourceTree = "<group>"; };
		B62B68FB1E28112100011B27 /* Info.plist */ = {isa = PBXFileReference; lastKnownFileType = text.plist.xml; path = Info.plist; sourceTree = "<group>"; };
		B62B69001E28112100011B27 /* WorldTrotterUITests.xctest */ = {isa = PBXFileReference; explicitFileType = wrapper.cfbundle; includeInIndex = 0; path = WorldTrotterUITests.xctest; sourceTree = BUILT_PRODUCTS_DIR; };
		B62B69041E28112100011B27 /* WorldTrotterUITests.swift */ = {isa = PBXFileReference; lastKnownFileType = sourcecode.swift; path = WorldTrotterUITests.swift; sourceTree = "<group>"; };
		B62B69061E28112100011B27 /* Info.plist */ = {isa = PBXFileReference; lastKnownFileType = text.plist.xml; path = Info.plist; sourceTree = "<group>"; };
/* End PBXFileReference section */

/* Begin PBXFrameworksBuildPhase section */
		B62B68DE1E28112100011B27 /* Frameworks */ = {
			isa = PBXFrameworksBuildPhase;
			buildActionMask = 2147483647;
			files = (
			);
			runOnlyForDeploymentPostprocessing = 0;
		};
		B62B68F21E28112100011B27 /* Frameworks */ = {
			isa = PBXFrameworksBuildPhase;
			buildActionMask = 2147483647;
			files = (
			);
			runOnlyForDeploymentPostprocessing = 0;
		};
		B62B68FD1E28112100011B27 /* Frameworks */ = {
			isa = PBXFrameworksBuildPhase;
			buildActionMask = 2147483647;
			files = (
			);
			runOnlyForDeploymentPostprocessing = 0;
		};
/* End PBXFrameworksBuildPhase section */

/* Begin PBXGroup section */
		B62B68D81E28112100011B27 = {
			isa = PBXGroup;
			children = (
				B62B68E31E28112100011B27 /* WorldTrotter */,
				B62B68F81E28112100011B27 /* WorldTrotterTests */,
				B62B69031E28112100011B27 /* WorldTrotterUITests */,
				B62B68E21E28112100011B27 /* Products */,
			);
			sourceTree = "<group>";
		};
		B62B68E21E28112100011B27 /* Products */ = {
			isa = PBXGroup;
			children = (
				B62B68E11E28112100011B27 /* WorldTrotter.app */,
				B62B68F51E28112100011B27 /* WorldTrotterTests.xctest */,
				B62B69001E28112100011B27 /* WorldTrotterUITests.xctest */,
			);
			name = Products;
			sourceTree = "<group>";
		};
		B62B68E31E28112100011B27 /* WorldTrotter */ = {
			isa = PBXGroup;
			children = (
				B62B68E41E28112100011B27 /* AppDelegate.swift */,
				B62B68E81E28112100011B27 /* Main.storyboard */,
				B62197101E3680460001E914 /* ConversionViewController.swift */,
				B62B68EB1E28112100011B27 /* Assets.xcassets */,
				B62B68ED1E28112100011B27 /* LaunchScreen.storyboard */,
				B62B68F01E28112100011B27 /* Info.plist */,
			);
			path = WorldTrotter;
			sourceTree = "<group>";
		};
		B62B68F81E28112100011B27 /* WorldTrotterTests */ = {
			isa = PBXGroup;
			children = (
				B62B68F91E28112100011B27 /* WorldTrotterTests.swift */,
				B62B68FB1E28112100011B27 /* Info.plist */,
			);
			path = WorldTrotterTests;
			sourceTree = "<group>";
		};
		B62B69031E28112100011B27 /* WorldTrotterUITests */ = {
			isa = PBXGroup;
			children = (
				B62B69041E28112100011B27 /* WorldTrotterUITests.swift */,
				B62B69061E28112100011B27 /* Info.plist */,
			);
			path = WorldTrotterUITests;
			sourceTree = "<group>";
		};
/* End PBXGroup section */

/* Begin PBXNativeTarget section */
		B62B68E01E28112100011B27 /* WorldTrotter */ = {
			isa = PBXNativeTarget;
			buildConfigurationList = B62B69091E28112100011B27 /* Build configuration list for PBXNativeTarget "WorldTrotter" */;
			buildPhases = (
				B62B68DD1E28112100011B27 /* Sources */,
				B62B68DE1E28112100011B27 /* Frameworks */,
				B62B68DF1E28112100011B27 /* Resources */,
			);
			buildRules = (
			);
			dependencies = (
			);
			name = WorldTrotter;
			productName = WorldTrotter;
			productReference = B62B68E11E28112100011B27 /* WorldTrotter.app */;
			productType = "com.apple.product-type.application";
		};
		B62B68F41E28112100011B27 /* WorldTrotterTests */ = {
			isa = PBXNativeTarget;
			buildConfigurationList = B62B690C1E28112100011B27 /* Build configuration list for PBXNativeTarget "WorldTrotterTests" */;
			buildPhases = (
				B62B68F11E28112100011B27 /* Sources */,
				B62B68F21E28112100011B27 /* Frameworks */,
				B62B68F31E28112100011B27 /* Resources */,
			);
			buildRules = (
			);
			dependencies = (
				B62B68F71E28112100011B27 /* PBXTargetDependency */,
			);
			name = WorldTrotterTests;
			productName = WorldTrotterTests;
			productReference = B62B68F51E28112100011B27 /* WorldTrotterTests.xctest */;
			productType = "com.apple.product-type.bundle.unit-test";
		};
		B62B68FF1E28112100011B27 /* WorldTrotterUITests */ = {
			isa = PBXNativeTarget;
			buildConfigurationList = B62B690F1E28112100011B27 /* Build configuration list for PBXNativeTarget "WorldTrotterUITests" */;
			buildPhases = (
				B62B68FC1E28112100011B27 /* Sources */,
				B62B68FD1E28112100011B27 /* Frameworks */,
				B62B68FE1E28112100011B27 /* Resources */,
			);
			buildRules = (
			);
			dependencies = (
				B62B69021E28112100011B27 /* PBXTargetDependency */,
			);
			name = WorldTrotterUITests;
			productName = WorldTrotterUITests;
			productReference = B62B69001E28112100011B27 /* WorldTrotterUITests.xctest */;
			productType = "com.apple.product-type.bundle.ui-testing";
		};
/* End PBXNativeTarget section */

/* Begin PBXProject section */
		B62B68D91E28112100011B27 /* Project object */ = {
			isa = PBXProject;
			attributes = {
				LastSwiftUpdateCheck = 0820;
				LastUpgradeCheck = 0820;
				ORGANIZATIONNAME = "Bobby Hamrick";
				TargetAttributes = {
					B62B68E01E28112100011B27 = {
						CreatedOnToolsVersion = 8.2.1;
						ProvisioningStyle = Automatic;
					};
					B62B68F41E28112100011B27 = {
						CreatedOnToolsVersion = 8.2.1;
						ProvisioningStyle = Automatic;
						TestTargetID = B62B68E01E28112100011B27;
					};
					B62B68FF1E28112100011B27 = {
						CreatedOnToolsVersion = 8.2.1;
						ProvisioningStyle = Automatic;
						TestTargetID = B62B68E01E28112100011B27;
					};
				};
			};
			buildConfigurationList = B62B68DC1E28112100011B27 /* Build configuration list for PBXProject "WorldTrotter" */;
			compatibilityVersion = "Xcode 3.2";
			developmentRegion = English;
			hasScannedForEncodings = 0;
			knownRegions = (
				en,
				Base,
			);
			mainGroup = B62B68D81E28112100011B27;
			productRefGroup = B62B68E21E28112100011B27 /* Products */;
			projectDirPath = "";
			projectRoot = "";
			targets = (
				B62B68E01E28112100011B27 /* WorldTrotter */,
				B62B68F41E28112100011B27 /* WorldTrotterTests */,
				B62B68FF1E28112100011B27 /* WorldTrotterUITests */,
			);
		};
/* End PBXProject section */

/* Begin PBXResourcesBuildPhase section */
		B62B68DF1E28112100011B27 /* Resources */ = {
			isa = PBXResourcesBuildPhase;
			buildActionMask = 2147483647;
			files = (
				B62B68EF1E28112100011B27 /* LaunchScreen.storyboard in Resources */,
				B62B68EC1E28112100011B27 /* Assets.xcassets in Resources */,
				B62B68EA1E28112100011B27 /* Main.storyboard in Resources */,
			);
			runOnlyForDeploymentPostprocessing = 0;
		};
		B62B68F31E28112100011B27 /* Resources */ = {
			isa = PBXResourcesBuildPhase;
			buildActionMask = 2147483647;
			files = (
			);
			runOnlyForDeploymentPostprocessing = 0;
		};
		B62B68FE1E28112100011B27 /* Resources */ = {
			isa = PBXResourcesBuildPhase;
			buildActionMask = 2147483647;
			files = (
			);
			runOnlyForDeploymentPostprocessing = 0;
		};
/* End PBXResourcesBuildPhase section */

/* Begin PBXSourcesBuildPhase section */
		B62B68DD1E28112100011B27 /* Sources */ = {
			isa = PBXSourcesBuildPhase;
			buildActionMask = 2147483647;
			files = (
				B62197111E3680460001E914 /* ConversionViewController.swift in Sources */,
				B62B68E51E28112100011B27 /* AppDelegate.swift in Sources */,
			);
			runOnlyForDeploymentPostprocessing = 0;
		};
		B62B68F11E28112100011B27 /* Sources */ = {
			isa = PBXSourcesBuildPhase;
			buildActionMask = 2147483647;
			files = (
				B62B68FA1E28112100011B27 /* WorldTrotterTests.swift in Sources */,
			);
			runOnlyForDeploymentPostprocessing = 0;
		};
		B62B68FC1E28112100011B27 /* Sources */ = {
			isa = PBXSourcesBuildPhase;
			buildActionMask = 2147483647;
			files = (
				B62B69051E28112100011B27 /* WorldTrotterUITests.swift in Sources */,
			);
			runOnlyForDeploymentPostprocessing = 0;
		};
/* End PBXSourcesBuildPhase section */

/* Begin PBXTargetDependency section */
		B62B68F71E28112100011B27 /* PBXTargetDependency */ = {
			isa = PBXTargetDependency;
			target = B62B68E01E28112100011B27 /* WorldTrotter */;
			targetProxy = B62B68F61E28112100011B27 /* PBXContainerItemProxy */;
		};
		B62B69021E28112100011B27 /* PBXTargetDependency */ = {
			isa = PBXTargetDependency;
			target = B62B68E01E28112100011B27 /* WorldTrotter */;
			targetProxy = B62B69011E28112100011B27 /* PBXContainerItemProxy */;
		};
/* End PBXTargetDependency section */

/* Begin PBXVariantGroup section */
		B62B68E81E28112100011B27 /* Main.storyboard */ = {
			isa = PBXVariantGroup;
			children = (
				B62B68E91E28112100011B27 /* Base */,
			);
			name = Main.storyboard;
			sourceTree = "<group>";
		};
		B62B68ED1E28112100011B27 /* LaunchScreen.storyboard */ = {
			isa = PBXVariantGroup;
			children = (
				B62B68EE1E28112100011B27 /* Base */,
			);
			name = LaunchScreen.storyboard;
			sourceTree = "<group>";
		};
/* End PBXVariantGroup section */

/* Begin XCBuildConfiguration section */
		B62B69071E28112100011B27 /* Debug */ = {
			isa = XCBuildConfiguration;
			buildSettings = {
				ALWAYS_SEARCH_USER_PATHS = NO;
				CLANG_ANALYZER_NONNULL = YES;
				CLANG_CXX_LANGUAGE_STANDARD = "gnu++0x";
				CLANG_CXX_LIBRARY = "libc++";
				CLANG_ENABLE_MODULES = YES;
				CLANG_ENABLE_OBJC_ARC = YES;
				CLANG_WARN_BOOL_CONVERSION = YES;
				CLANG_WARN_CONSTANT_CONVERSION = YES;
				CLANG_WARN_DIRECT_OBJC_ISA_USAGE = YES_ERROR;
				CLANG_WARN_DOCUMENTATION_COMMENTS = YES;
				CLANG_WARN_EMPTY_BODY = YES;
				CLANG_WARN_ENUM_CONVERSION = YES;
				CLANG_WARN_INFINITE_RECURSION = YES;
				CLANG_WARN_INT_CONVERSION = YES;
				CLANG_WARN_OBJC_ROOT_CLASS = YES_ERROR;
				CLANG_WARN_SUSPICIOUS_MOVE = YES;
				CLANG_WARN_UNREACHABLE_CODE = YES;
				CLANG_WARN__DUPLICATE_METHOD_MATCH = YES;
				"CODE_SIGN_IDENTITY[sdk=iphoneos*]" = "iPhone Developer";
				COPY_PHASE_STRIP = NO;
				DEBUG_INFORMATION_FORMAT = dwarf;
				ENABLE_STRICT_OBJC_MSGSEND = YES;
				ENABLE_TESTABILITY = YES;
				GCC_C_LANGUAGE_STANDARD = gnu99;
				GCC_DYNAMIC_NO_PIC = NO;
				GCC_NO_COMMON_BLOCKS = YES;
				GCC_OPTIMIZATION_LEVEL = 0;
				GCC_PREPROCESSOR_DEFINITIONS = (
					"DEBUG=1",
					"$(inherited)",
				);
				GCC_WARN_64_TO_32_BIT_CONVERSION = YES;
				GCC_WARN_ABOUT_RETURN_TYPE = YES_ERROR;
				GCC_WARN_UNDECLARED_SELECTOR = YES;
				GCC_WARN_UNINITIALIZED_AUTOS = YES_AGGRESSIVE;
				GCC_WARN_UNUSED_FUNCTION = YES;
				GCC_WARN_UNUSED_VARIABLE = YES;
				IPHONEOS_DEPLOYMENT_TARGET = 10.2;
				MTL_ENABLE_DEBUG_INFO = YES;
				ONLY_ACTIVE_ARCH = YES;
				SDKROOT = iphoneos;
				SWIFT_ACTIVE_COMPILATION_CONDITIONS = DEBUG;
				SWIFT_OPTIMIZATION_LEVEL = "-Onone";
				TARGETED_DEVICE_FAMILY = "1,2";
			};
			name = Debug;
		};
		B62B69081E28112100011B27 /* Release */ = {
			isa = XCBuildConfiguration;
			buildSettings = {
				ALWAYS_SEARCH_USER_PATHS = NO;
				CLANG_ANALYZER_NONNULL = YES;
				CLANG_CXX_LANGUAGE_STANDARD = "gnu++0x";
				CLANG_CXX_LIBRARY = "libc++";
				CLANG_ENABLE_MODULES = YES;
				CLANG_ENABLE_OBJC_ARC = YES;
				CLANG_WARN_BOOL_CONVERSION = YES;
				CLANG_WARN_CONSTANT_CONVERSION = YES;
				CLANG_WARN_DIRECT_OBJC_ISA_USAGE = YES_ERROR;
				CLANG_WARN_DOCUMENTATION_COMMENTS = YES;
				CLANG_WARN_EMPTY_BODY = YES;
				CLANG_WARN_ENUM_CONVERSION = YES;
				CLANG_WARN_INFINITE_RECURSION = YES;
				CLANG_WARN_INT_CONVERSION = YES;
				CLANG_WARN_OBJC_ROOT_CLASS = YES_ERROR;
				CLANG_WARN_SUSPICIOUS_MOVE = YES;
				CLANG_WARN_UNREACHABLE_CODE = YES;
				CLANG_WARN__DUPLICATE_METHOD_MATCH = YES;
				"CODE_SIGN_IDENTITY[sdk=iphoneos*]" = "iPhone Developer";
				COPY_PHASE_STRIP = NO;
				DEBUG_INFORMATION_FORMAT = "dwarf-with-dsym";
				ENABLE_NS_ASSERTIONS = NO;
				ENABLE_STRICT_OBJC_MSGSEND = YES;
				GCC_C_LANGUAGE_STANDARD = gnu99;
				GCC_NO_COMMON_BLOCKS = YES;
				GCC_WARN_64_TO_32_BIT_CONVERSION = YES;
				GCC_WARN_ABOUT_RETURN_TYPE = YES_ERROR;
				GCC_WARN_UNDECLARED_SELECTOR = YES;
				GCC_WARN_UNINITIALIZED_AUTOS = YES_AGGRESSIVE;
				GCC_WARN_UNUSED_FUNCTION = YES;
				GCC_WARN_UNUSED_VARIABLE = YES;
				IPHONEOS_DEPLOYMENT_TARGET = 10.2;
				MTL_ENABLE_DEBUG_INFO = NO;
				SDKROOT = iphoneos;
				SWIFT_OPTIMIZATION_LEVEL = "-Owholemodule";
				TARGETED_DEVICE_FAMILY = "1,2";
				VALIDATE_PRODUCT = YES;
			};
			name = Release;
		};
		B62B690A1E28112100011B27 /* Debug */ = {
			isa = XCBuildConfiguration;
			buildSettings = {
				ASSETCATALOG_COMPILER_APPICON_NAME = AppIcon;
				INFOPLIST_FILE = WorldTrotter/Info.plist;
				LD_RUNPATH_SEARCH_PATHS = "$(inherited) @executable_path/Frameworks";
				PRODUCT_BUNDLE_IDENTIFIER = com.bobbyhamrick.WorldTrotter;
				PRODUCT_NAME = "$(TARGET_NAME)";
				SWIFT_VERSION = 3.0;
			};
			name = Debug;
		};
		B62B690B1E28112100011B27 /* Release */ = {
			isa = XCBuildConfiguration;
			buildSettings = {
				ASSETCATALOG_COMPILER_APPICON_NAME = AppIcon;
				INFOPLIST_FILE = WorldTrotter/Info.plist;
				LD_RUNPATH_SEARCH_PATHS = "$(inherited) @executable_path/Frameworks";
				PRODUCT_BUNDLE_IDENTIFIER = com.bobbyhamrick.WorldTrotter;
				PRODUCT_NAME = "$(TARGET_NAME)";
				SWIFT_VERSION = 3.0;
			};
			name = Release;
		};
		B62B690D1E28112100011B27 /* Debug */ = {
			isa = XCBuildConfiguration;
			buildSettings = {
				ALWAYS_EMBED_SWIFT_STANDARD_LIBRARIES = YES;
				BUNDLE_LOADER = "$(TEST_HOST)";
				INFOPLIST_FILE = WorldTrotterTests/Info.plist;
				LD_RUNPATH_SEARCH_PATHS = "$(inherited) @executable_path/Frameworks @loader_path/Frameworks";
				PRODUCT_BUNDLE_IDENTIFIER = com.bobbyhamrick.WorldTrotterTests;
				PRODUCT_NAME = "$(TARGET_NAME)";
				SWIFT_VERSION = 3.0;
				TEST_HOST = "$(BUILT_PRODUCTS_DIR)/WorldTrotter.app/WorldTrotter";
			};
			name = Debug;
		};
		B62B690E1E28112100011B27 /* Release */ = {
			isa = XCBuildConfiguration;
			buildSettings = {
				ALWAYS_EMBED_SWIFT_STANDARD_LIBRARIES = YES;
				BUNDLE_LOADER = "$(TEST_HOST)";
				INFOPLIST_FILE = WorldTrotterTests/Info.plist;
				LD_RUNPATH_SEARCH_PATHS = "$(inherited) @executable_path/Frameworks @loader_path/Frameworks";
				PRODUCT_BUNDLE_IDENTIFIER = com.bobbyhamrick.WorldTrotterTests;
				PRODUCT_NAME = "$(TARGET_NAME)";
				SWIFT_VERSION = 3.0;
				TEST_HOST = "$(BUILT_PRODUCTS_DIR)/WorldTrotter.app/WorldTrotter";
			};
			name = Release;
		};
		B62B69101E28112100011B27 /* Debug */ = {
			isa = XCBuildConfiguration;
			buildSettings = {
				ALWAYS_EMBED_SWIFT_STANDARD_LIBRARIES = YES;
				INFOPLIST_FILE = WorldTrotterUITests/Info.plist;
				LD_RUNPATH_SEARCH_PATHS = "$(inherited) @executable_path/Frameworks @loader_path/Frameworks";
				PRODUCT_BUNDLE_IDENTIFIER = com.bobbyhamrick.WorldTrotterUITests;
				PRODUCT_NAME = "$(TARGET_NAME)";
				SWIFT_VERSION = 3.0;
				TEST_TARGET_NAME = WorldTrotter;
			};
			name = Debug;
		};
		B62B69111E28112100011B27 /* Release */ = {
			isa = XCBuildConfiguration;
			buildSettings = {
				ALWAYS_EMBED_SWIFT_STANDARD_LIBRARIES = YES;
				INFOPLIST_FILE = WorldTrotterUITests/Info.plist;
				LD_RUNPATH_SEARCH_PATHS = "$(inherited) @executable_path/Frameworks @loader_path/Frameworks";
				PRODUCT_BUNDLE_IDENTIFIER = com.bobbyhamrick.WorldTrotterUITests;
				PRODUCT_NAME = "$(TARGET_NAME)";
				SWIFT_VERSION = 3.0;
				TEST_TARGET_NAME = WorldTrotter;
			};
			name = Release;
		};
/* End XCBuildConfiguration section */

/* Begin XCConfigurationList section */
		B62B68DC1E28112100011B27 /* Build configuration list for PBXProject "WorldTrotter" */ = {
			isa = XCConfigurationList;
			buildConfigurations = (
				B62B69071E28112100011B27 /* Debug */,
				B62B69081E28112100011B27 /* Release */,
			);
			defaultConfigurationIsVisible = 0;
			defaultConfigurationName = Release;
		};
		B62B69091E28112100011B27 /* Build configuration list for PBXNativeTarget "WorldTrotter" */ = {
			isa = XCConfigurationList;
			buildConfigurations = (
				B62B690A1E28112100011B27 /* Debug */,
				B62B690B1E28112100011B27 /* Release */,
			);
			defaultConfigurationIsVisible = 0;
			defaultConfigurationName = Release;
		};
		B62B690C1E28112100011B27 /* Build configuration list for PBXNativeTarget "WorldTrotterTests" */ = {
			isa = XCConfigurationList;
			buildConfigurations = (
				B62B690D1E28112100011B27 /* Debug */,
				B62B690E1E28112100011B27 /* Release */,
			);
			defaultConfigurationIsVisible = 0;
			defaultConfigurationName = Release;
		};
		B62B690F1E28112100011B27 /* Build configuration list for PBXNativeTarget "WorldTrotterUITests" */ = {
			isa = XCConfigurationList;
			buildConfigurations = (
				B62B69101E28112100011B27 /* Debug */,
				B62B69111E28112100011B27 /* Release */,
			);
			defaultConfigurationIsVisible = 0;
			defaultConfigurationName = Release;
		};
/* End XCConfigurationList section */
	};
	rootObject = B62B68D91E28112100011B27 /* Project object */;
}
